
Microsoft Visual Studio Solution File, Format Version 12.00
# Visual Studio 15
VisualStudioVersion = 15.0.28307.572
MinimumVisualStudioVersion = 10.0.40219.1
Project("{FAE04EC0-301F-11D3-BF4B-00C04F79EFBC}") = "schoolSIMS1", "schoolSIMS1\schoolSIMS1.csproj", "{133577ED-E412-4555-BCC1-4FC70E291794}"
EndProject
Global
	GlobalSection(SolutionConfigurationPlatforms) = preSolution
		Debug|Any CPU = Debug|Any CPU
		Release|Any CPU = Release|Any CPU
	EndGlobalSection
	GlobalSection(ProjectConfigurationPlatforms) = postSolution
		{133577ED-E412-4555-BCC1-4FC70E291794}.Debug|Any CPU.ActiveCfg = Debug|Any CPU
		{133577ED-E412-4555-BCC1-4FC70E291794}.Debug|Any CPU.Build.0 = Debug|Any CPU
		{133577ED-E412-4555-BCC1-4FC70E291794}.Release|Any CPU.ActiveCfg = Release|Any CPU
		{133577ED-E412-4555-BCC1-4FC70E291794}.Release|Any CPU.Build.0 = Release|Any CPU
	EndGlobalSection
	GlobalSection(SolutionProperties) = preSolution
		HideSolutionNode = FALSE
	EndGlobalSection
	GlobalSection(ExtensibilityGlobals) = postSolution
		SolutionGuid = {FFD521F4-1CCD-4F11-A881-F609DE9F7E71}
	EndGlobalSection
EndGlobal
